
Microsoft Visual Studio Solution File, Format Version 12.00
# Visual Studio Version 17
VisualStudioVersion = 17.11.35312.102
MinimumVisualStudioVersion = 10.0.40219.1
Project("{9A19103F-16F7-4668-BE54-9A1E7A4F7556}") = "Day 1", "Day 1\Day 1.csproj", "{55E22AAB-D99C-4CF3-BF59-0A21E29C8F16}"
EndProject
Project("{9A19103F-16F7-4668-BE54-9A1E7A4F7556}") = "Tools", "Tools\Tools.csproj", "{1C7BAB46-5827-4C87-AA5C-EB4BB312F0FA}"
EndProject
Project("{9A19103F-16F7-4668-BE54-9A1E7A4F7556}") = "Day 2", "Day 2\Day 2.csproj", "{DDC4C285-9CE7-4AC4-9CD8-FB21D24611CB}"
EndProject
Project("{FAE04EC0-301F-11D3-BF4B-00C04F79EFBC}") = "Day 3", "Day 3\Day 3.csproj", "{D69D0572-BA0F-447F-8E35-53B7649A8787}"
EndProject
Global
	GlobalSection(SolutionConfigurationPlatforms) = preSolution
		Debug|Any CPU = Debug|Any CPU
		Release|Any CPU = Release|Any CPU
	EndGlobalSection
	GlobalSection(ProjectConfigurationPlatforms) = postSolution
		{55E22AAB-D99C-4CF3-BF59-0A21E29C8F16}.Debug|Any CPU.ActiveCfg = Debug|Any CPU
		{55E22AAB-D99C-4CF3-BF59-0A21E29C8F16}.Debug|Any CPU.Build.0 = Debug|Any CPU
		{55E22AAB-D99C-4CF3-BF59-0A21E29C8F16}.Release|Any CPU.ActiveCfg = Release|Any CPU
		{55E22AAB-D99C-4CF3-BF59-0A21E29C8F16}.Release|Any CPU.Build.0 = Release|Any CPU
		{1C7BAB46-5827-4C87-AA5C-EB4BB312F0FA}.Debug|Any CPU.ActiveCfg = Debug|Any CPU
		{1C7BAB46-5827-4C87-AA5C-EB4BB312F0FA}.Debug|Any CPU.Build.0 = Debug|Any CPU
		{1C7BAB46-5827-4C87-AA5C-EB4BB312F0FA}.Release|Any CPU.ActiveCfg = Release|Any CPU
		{1C7BAB46-5827-4C87-AA5C-EB4BB312F0FA}.Release|Any CPU.Build.0 = Release|Any CPU
		{DDC4C285-9CE7-4AC4-9CD8-FB21D24611CB}.Debug|Any CPU.ActiveCfg = Debug|Any CPU
		{DDC4C285-9CE7-4AC4-9CD8-FB21D24611CB}.Debug|Any CPU.Build.0 = Debug|Any CPU
		{DDC4C285-9CE7-4AC4-9CD8-FB21D24611CB}.Release|Any CPU.ActiveCfg = Release|Any CPU
		{DDC4C285-9CE7-4AC4-9CD8-FB21D24611CB}.Release|Any CPU.Build.0 = Release|Any CPU
		{D69D0572-BA0F-447F-8E35-53B7649A8787}.Debug|Any CPU.ActiveCfg = Debug|Any CPU
		{D69D0572-BA0F-447F-8E35-53B7649A8787}.Debug|Any CPU.Build.0 = Debug|Any CPU
		{D69D0572-BA0F-447F-8E35-53B7649A8787}.Release|Any CPU.ActiveCfg = Release|Any CPU
		{D69D0572-BA0F-447F-8E35-53B7649A8787}.Release|Any CPU.Build.0 = Release|Any CPU
	EndGlobalSection
	GlobalSection(SolutionProperties) = preSolution
		HideSolutionNode = FALSE
	EndGlobalSection
	GlobalSection(ExtensibilityGlobals) = postSolution
		SolutionGuid = {A8299EDF-24B5-4950-A341-84E096846205}
	EndGlobalSection
EndGlobal
