
Microsoft Visual Studio Solution File, Format Version 12.00
# Visual Studio Version 17
VisualStudioVersion = 17.11.35312.102
MinimumVisualStudioVersion = 10.0.40219.1
Project("{9A19103F-16F7-4668-BE54-9A1E7A4F7556}") = "Day 01", "Day 1\Day 01.csproj", "{55E22AAB-D99C-4CF3-BF59-0A21E29C8F16}"
EndProject
Project("{9A19103F-16F7-4668-BE54-9A1E7A4F7556}") = "Tools", "Tools\Tools.csproj", "{1C7BAB46-5827-4C87-AA5C-EB4BB312F0FA}"
EndProject
Project("{9A19103F-16F7-4668-BE54-9A1E7A4F7556}") = "Day 02", "Day 2\Day 02.csproj", "{DDC4C285-9CE7-4AC4-9CD8-FB21D24611CB}"
EndProject
Project("{9A19103F-16F7-4668-BE54-9A1E7A4F7556}") = "Day 03", "Day 3\Day 03.csproj", "{D69D0572-BA0F-447F-8E35-53B7649A8787}"
EndProject
Project("{9A19103F-16F7-4668-BE54-9A1E7A4F7556}") = "Day 04", "Day 4\Day 04.csproj", "{75183C17-A76D-49BE-BD46-AC53F362BB25}"
EndProject
Project("{9A19103F-16F7-4668-BE54-9A1E7A4F7556}") = "Day 05", "Day 5\Day 05.csproj", "{955AE9B2-15C6-42C2-A227-C8BEB9AD2370}"
EndProject
Project("{9A19103F-16F7-4668-BE54-9A1E7A4F7556}") = "Day 06", "Day 6\Day 06.csproj", "{C0B5CF31-5E44-4A19-8798-0394C6F0381B}"
EndProject
Project("{9A19103F-16F7-4668-BE54-9A1E7A4F7556}") = "Day 07", "Day 7\Day 07.csproj", "{AE113B45-C3F2-4967-9214-98F21147362B}"
EndProject
Project("{9A19103F-16F7-4668-BE54-9A1E7A4F7556}") = "Day 08", "Day 8\Day 08.csproj", "{4664424C-65C1-48F4-B18D-B6302EFAF22A}"
EndProject
Project("{9A19103F-16F7-4668-BE54-9A1E7A4F7556}") = "Day 09", "Day 9\Day 09.csproj", "{52C449CC-CCCF-4BD4-A10A-AC968DE16A8F}"
EndProject
Project("{9A19103F-16F7-4668-BE54-9A1E7A4F7556}") = "Day 10", "Day 10\Day 10.csproj", "{09C1DC79-434D-4358-8ABC-8DAC41AAB49E}"
EndProject
Project("{9A19103F-16F7-4668-BE54-9A1E7A4F7556}") = "Day 11", "Day 11\Day 11.csproj", "{A2E91DF7-3027-4C82-BEBF-33ADF37C0C23}"
EndProject
Project("{9A19103F-16F7-4668-BE54-9A1E7A4F7556}") = "Day 12", "Day 12\Day 12.csproj", "{16B5E13D-1E3D-4401-8AA3-6F62849ECF58}"
EndProject
Project("{9A19103F-16F7-4668-BE54-9A1E7A4F7556}") = "Day 13", "Day 13\Day 13.csproj", "{A7D57950-1DA5-4EE4-9100-97C917391C4C}"
EndProject
Project("{9A19103F-16F7-4668-BE54-9A1E7A4F7556}") = "Day 14", "Day 14\Day 14.csproj", "{F56F4D88-3E4E-4D87-A132-823FF7A02655}"
EndProject
Project("{9A19103F-16F7-4668-BE54-9A1E7A4F7556}") = "Day 15", "Day 15\Day 15.csproj", "{7AD04476-89C4-4804-BC56-58A65FAAD102}"
EndProject
Project("{9A19103F-16F7-4668-BE54-9A1E7A4F7556}") = "Day 16", "Day 16\Day 16.csproj", "{14635691-A9B6-452C-B165-3D99A5C2677C}"
EndProject
Project("{9A19103F-16F7-4668-BE54-9A1E7A4F7556}") = "Day 17", "Day 17\Day 17.csproj", "{5A8FF166-961B-4921-894A-4DDCBC3F40A8}"
EndProject
Project("{9A19103F-16F7-4668-BE54-9A1E7A4F7556}") = "Day 18", "Day 18\Day 18.csproj", "{C73C976B-19A3-4B5F-AE0C-97FCB6DF3BDF}"
EndProject
Project("{FAE04EC0-301F-11D3-BF4B-00C04F79EFBC}") = "Day 19", "Day 19\Day 19.csproj", "{1E06E7B5-52B8-45DE-9FE1-8D67BAFFF4C9}"
EndProject
Global
	GlobalSection(SolutionConfigurationPlatforms) = preSolution
		Debug|Any CPU = Debug|Any CPU
		Release|Any CPU = Release|Any CPU
	EndGlobalSection
	GlobalSection(ProjectConfigurationPlatforms) = postSolution
		{55E22AAB-D99C-4CF3-BF59-0A21E29C8F16}.Debug|Any CPU.ActiveCfg = Debug|Any CPU
		{55E22AAB-D99C-4CF3-BF59-0A21E29C8F16}.Debug|Any CPU.Build.0 = Debug|Any CPU
		{55E22AAB-D99C-4CF3-BF59-0A21E29C8F16}.Release|Any CPU.ActiveCfg = Release|Any CPU
		{55E22AAB-D99C-4CF3-BF59-0A21E29C8F16}.Release|Any CPU.Build.0 = Release|Any CPU
		{1C7BAB46-5827-4C87-AA5C-EB4BB312F0FA}.Debug|Any CPU.ActiveCfg = Debug|Any CPU
		{1C7BAB46-5827-4C87-AA5C-EB4BB312F0FA}.Debug|Any CPU.Build.0 = Debug|Any CPU
		{1C7BAB46-5827-4C87-AA5C-EB4BB312F0FA}.Release|Any CPU.ActiveCfg = Release|Any CPU
		{1C7BAB46-5827-4C87-AA5C-EB4BB312F0FA}.Release|Any CPU.Build.0 = Release|Any CPU
		{DDC4C285-9CE7-4AC4-9CD8-FB21D24611CB}.Debug|Any CPU.ActiveCfg = Debug|Any CPU
		{DDC4C285-9CE7-4AC4-9CD8-FB21D24611CB}.Debug|Any CPU.Build.0 = Debug|Any CPU
		{DDC4C285-9CE7-4AC4-9CD8-FB21D24611CB}.Release|Any CPU.ActiveCfg = Release|Any CPU
		{DDC4C285-9CE7-4AC4-9CD8-FB21D24611CB}.Release|Any CPU.Build.0 = Release|Any CPU
		{D69D0572-BA0F-447F-8E35-53B7649A8787}.Debug|Any CPU.ActiveCfg = Debug|Any CPU
		{D69D0572-BA0F-447F-8E35-53B7649A8787}.Debug|Any CPU.Build.0 = Debug|Any CPU
		{D69D0572-BA0F-447F-8E35-53B7649A8787}.Release|Any CPU.ActiveCfg = Release|Any CPU
		{D69D0572-BA0F-447F-8E35-53B7649A8787}.Release|Any CPU.Build.0 = Release|Any CPU
		{75183C17-A76D-49BE-BD46-AC53F362BB25}.Debug|Any CPU.ActiveCfg = Debug|Any CPU
		{75183C17-A76D-49BE-BD46-AC53F362BB25}.Debug|Any CPU.Build.0 = Debug|Any CPU
		{75183C17-A76D-49BE-BD46-AC53F362BB25}.Release|Any CPU.ActiveCfg = Release|Any CPU
		{75183C17-A76D-49BE-BD46-AC53F362BB25}.Release|Any CPU.Build.0 = Release|Any CPU
		{955AE9B2-15C6-42C2-A227-C8BEB9AD2370}.Debug|Any CPU.ActiveCfg = Debug|Any CPU
		{955AE9B2-15C6-42C2-A227-C8BEB9AD2370}.Debug|Any CPU.Build.0 = Debug|Any CPU
		{955AE9B2-15C6-42C2-A227-C8BEB9AD2370}.Release|Any CPU.ActiveCfg = Release|Any CPU
		{955AE9B2-15C6-42C2-A227-C8BEB9AD2370}.Release|Any CPU.Build.0 = Release|Any CPU
		{C0B5CF31-5E44-4A19-8798-0394C6F0381B}.Debug|Any CPU.ActiveCfg = Debug|Any CPU
		{C0B5CF31-5E44-4A19-8798-0394C6F0381B}.Debug|Any CPU.Build.0 = Debug|Any CPU
		{C0B5CF31-5E44-4A19-8798-0394C6F0381B}.Release|Any CPU.ActiveCfg = Release|Any CPU
		{C0B5CF31-5E44-4A19-8798-0394C6F0381B}.Release|Any CPU.Build.0 = Release|Any CPU
		{AE113B45-C3F2-4967-9214-98F21147362B}.Debug|Any CPU.ActiveCfg = Debug|Any CPU
		{AE113B45-C3F2-4967-9214-98F21147362B}.Debug|Any CPU.Build.0 = Debug|Any CPU
		{AE113B45-C3F2-4967-9214-98F21147362B}.Release|Any CPU.ActiveCfg = Release|Any CPU
		{AE113B45-C3F2-4967-9214-98F21147362B}.Release|Any CPU.Build.0 = Release|Any CPU
		{4664424C-65C1-48F4-B18D-B6302EFAF22A}.Debug|Any CPU.ActiveCfg = Debug|Any CPU
		{4664424C-65C1-48F4-B18D-B6302EFAF22A}.Debug|Any CPU.Build.0 = Debug|Any CPU
		{4664424C-65C1-48F4-B18D-B6302EFAF22A}.Release|Any CPU.ActiveCfg = Release|Any CPU
		{4664424C-65C1-48F4-B18D-B6302EFAF22A}.Release|Any CPU.Build.0 = Release|Any CPU
		{52C449CC-CCCF-4BD4-A10A-AC968DE16A8F}.Debug|Any CPU.ActiveCfg = Debug|Any CPU
		{52C449CC-CCCF-4BD4-A10A-AC968DE16A8F}.Debug|Any CPU.Build.0 = Debug|Any CPU
		{52C449CC-CCCF-4BD4-A10A-AC968DE16A8F}.Release|Any CPU.ActiveCfg = Release|Any CPU
		{52C449CC-CCCF-4BD4-A10A-AC968DE16A8F}.Release|Any CPU.Build.0 = Release|Any CPU
		{09C1DC79-434D-4358-8ABC-8DAC41AAB49E}.Debug|Any CPU.ActiveCfg = Debug|Any CPU
		{09C1DC79-434D-4358-8ABC-8DAC41AAB49E}.Debug|Any CPU.Build.0 = Debug|Any CPU
		{09C1DC79-434D-4358-8ABC-8DAC41AAB49E}.Release|Any CPU.ActiveCfg = Release|Any CPU
		{09C1DC79-434D-4358-8ABC-8DAC41AAB49E}.Release|Any CPU.Build.0 = Release|Any CPU
		{A2E91DF7-3027-4C82-BEBF-33ADF37C0C23}.Debug|Any CPU.ActiveCfg = Debug|Any CPU
		{A2E91DF7-3027-4C82-BEBF-33ADF37C0C23}.Debug|Any CPU.Build.0 = Debug|Any CPU
		{A2E91DF7-3027-4C82-BEBF-33ADF37C0C23}.Release|Any CPU.ActiveCfg = Release|Any CPU
		{A2E91DF7-3027-4C82-BEBF-33ADF37C0C23}.Release|Any CPU.Build.0 = Release|Any CPU
		{16B5E13D-1E3D-4401-8AA3-6F62849ECF58}.Debug|Any CPU.ActiveCfg = Debug|Any CPU
		{16B5E13D-1E3D-4401-8AA3-6F62849ECF58}.Debug|Any CPU.Build.0 = Debug|Any CPU
		{16B5E13D-1E3D-4401-8AA3-6F62849ECF58}.Release|Any CPU.ActiveCfg = Release|Any CPU
		{16B5E13D-1E3D-4401-8AA3-6F62849ECF58}.Release|Any CPU.Build.0 = Release|Any CPU
		{A7D57950-1DA5-4EE4-9100-97C917391C4C}.Debug|Any CPU.ActiveCfg = Debug|Any CPU
		{A7D57950-1DA5-4EE4-9100-97C917391C4C}.Debug|Any CPU.Build.0 = Debug|Any CPU
		{A7D57950-1DA5-4EE4-9100-97C917391C4C}.Release|Any CPU.ActiveCfg = Release|Any CPU
		{A7D57950-1DA5-4EE4-9100-97C917391C4C}.Release|Any CPU.Build.0 = Release|Any CPU
		{F56F4D88-3E4E-4D87-A132-823FF7A02655}.Debug|Any CPU.ActiveCfg = Debug|Any CPU
		{F56F4D88-3E4E-4D87-A132-823FF7A02655}.Debug|Any CPU.Build.0 = Debug|Any CPU
		{F56F4D88-3E4E-4D87-A132-823FF7A02655}.Release|Any CPU.ActiveCfg = Release|Any CPU
		{F56F4D88-3E4E-4D87-A132-823FF7A02655}.Release|Any CPU.Build.0 = Release|Any CPU
		{7AD04476-89C4-4804-BC56-58A65FAAD102}.Debug|Any CPU.ActiveCfg = Debug|Any CPU
		{7AD04476-89C4-4804-BC56-58A65FAAD102}.Debug|Any CPU.Build.0 = Debug|Any CPU
		{7AD04476-89C4-4804-BC56-58A65FAAD102}.Release|Any CPU.ActiveCfg = Release|Any CPU
		{7AD04476-89C4-4804-BC56-58A65FAAD102}.Release|Any CPU.Build.0 = Release|Any CPU
		{14635691-A9B6-452C-B165-3D99A5C2677C}.Debug|Any CPU.ActiveCfg = Debug|Any CPU
		{14635691-A9B6-452C-B165-3D99A5C2677C}.Debug|Any CPU.Build.0 = Debug|Any CPU
		{14635691-A9B6-452C-B165-3D99A5C2677C}.Release|Any CPU.ActiveCfg = Release|Any CPU
		{14635691-A9B6-452C-B165-3D99A5C2677C}.Release|Any CPU.Build.0 = Release|Any CPU
		{5A8FF166-961B-4921-894A-4DDCBC3F40A8}.Debug|Any CPU.ActiveCfg = Debug|Any CPU
		{5A8FF166-961B-4921-894A-4DDCBC3F40A8}.Debug|Any CPU.Build.0 = Debug|Any CPU
		{5A8FF166-961B-4921-894A-4DDCBC3F40A8}.Release|Any CPU.ActiveCfg = Release|Any CPU
		{5A8FF166-961B-4921-894A-4DDCBC3F40A8}.Release|Any CPU.Build.0 = Release|Any CPU
		{C73C976B-19A3-4B5F-AE0C-97FCB6DF3BDF}.Debug|Any CPU.ActiveCfg = Debug|Any CPU
		{C73C976B-19A3-4B5F-AE0C-97FCB6DF3BDF}.Debug|Any CPU.Build.0 = Debug|Any CPU
		{C73C976B-19A3-4B5F-AE0C-97FCB6DF3BDF}.Release|Any CPU.ActiveCfg = Release|Any CPU
		{C73C976B-19A3-4B5F-AE0C-97FCB6DF3BDF}.Release|Any CPU.Build.0 = Release|Any CPU
		{1E06E7B5-52B8-45DE-9FE1-8D67BAFFF4C9}.Debug|Any CPU.ActiveCfg = Debug|Any CPU
		{1E06E7B5-52B8-45DE-9FE1-8D67BAFFF4C9}.Debug|Any CPU.Build.0 = Debug|Any CPU
		{1E06E7B5-52B8-45DE-9FE1-8D67BAFFF4C9}.Release|Any CPU.ActiveCfg = Release|Any CPU
		{1E06E7B5-52B8-45DE-9FE1-8D67BAFFF4C9}.Release|Any CPU.Build.0 = Release|Any CPU
	EndGlobalSection
	GlobalSection(SolutionProperties) = preSolution
		HideSolutionNode = FALSE
	EndGlobalSection
	GlobalSection(ExtensibilityGlobals) = postSolution
		SolutionGuid = {A8299EDF-24B5-4950-A341-84E096846205}
	EndGlobalSection
EndGlobal
